
Microsoft Visual Studio Solution File, Format Version 12.00
# Visual Studio Version 16
VisualStudioVersion = 16.0.33214.272
MinimumVisualStudioVersion = 10.0.40219.1
Project("{2150E333-8FDC-42A3-9474-1A3956D46DE8}") = "Services", "Services", "{CCAAEBFD-EBF5-4B6F-B2A7-81140EBFD220}"
EndProject
Project("{2150E333-8FDC-42A3-9474-1A3956D46DE8}") = "Catalog", "Catalog", "{E63BAE16-C2EA-4196-9DD5-C052B52E3125}"
EndProject
Project("{FAE04EC0-301F-11D3-BF4B-00C04F79EFBC}") = "Catalog.API", "Services\Catalog\Catalog.API\Catalog.API.csproj", "{054765E1-0FC8-4AB1-8D54-57147B44A0E5}"
EndProject
Project("{E53339B2-1760-4266-BCC7-CA923CBCF16C}") = "docker-compose", "docker-compose.dcproj", "{BD3280D7-125F-443F-BDDF-9AE0361657E6}"
EndProject
Global
	GlobalSection(SolutionConfigurationPlatforms) = preSolution
		Debug|Any CPU = Debug|Any CPU
		Release|Any CPU = Release|Any CPU
	EndGlobalSection
	GlobalSection(ProjectConfigurationPlatforms) = postSolution
		{054765E1-0FC8-4AB1-8D54-57147B44A0E5}.Debug|Any CPU.ActiveCfg = Debug|Any CPU
		{054765E1-0FC8-4AB1-8D54-57147B44A0E5}.Debug|Any CPU.Build.0 = Debug|Any CPU
		{054765E1-0FC8-4AB1-8D54-57147B44A0E5}.Release|Any CPU.ActiveCfg = Release|Any CPU
		{054765E1-0FC8-4AB1-8D54-57147B44A0E5}.Release|Any CPU.Build.0 = Release|Any CPU
		{BD3280D7-125F-443F-BDDF-9AE0361657E6}.Debug|Any CPU.ActiveCfg = Debug|Any CPU
		{BD3280D7-125F-443F-BDDF-9AE0361657E6}.Debug|Any CPU.Build.0 = Debug|Any CPU
		{BD3280D7-125F-443F-BDDF-9AE0361657E6}.Release|Any CPU.ActiveCfg = Release|Any CPU
		{BD3280D7-125F-443F-BDDF-9AE0361657E6}.Release|Any CPU.Build.0 = Release|Any CPU
	EndGlobalSection
	GlobalSection(SolutionProperties) = preSolution
		HideSolutionNode = FALSE
	EndGlobalSection
	GlobalSection(NestedProjects) = preSolution
		{E63BAE16-C2EA-4196-9DD5-C052B52E3125} = {CCAAEBFD-EBF5-4B6F-B2A7-81140EBFD220}
		{054765E1-0FC8-4AB1-8D54-57147B44A0E5} = {E63BAE16-C2EA-4196-9DD5-C052B52E3125}
	EndGlobalSection
	GlobalSection(ExtensibilityGlobals) = postSolution
		SolutionGuid = {098BE5DA-1F5B-44CC-B901-7C40F46947D4}
	EndGlobalSection
EndGlobal
