
Microsoft Visual Studio Solution File, Format Version 12.00
# Visual Studio Version 16
VisualStudioVersion = 16.0.33214.272
MinimumVisualStudioVersion = 10.0.40219.1
Project("{2150E333-8FDC-42A3-9474-1A3956D46DE8}") = "Services", "Services", "{CCAAEBFD-EBF5-4B6F-B2A7-81140EBFD220}"
EndProject
Project("{2150E333-8FDC-42A3-9474-1A3956D46DE8}") = "Catalog", "Catalog", "{E63BAE16-C2EA-4196-9DD5-C052B52E3125}"
EndProject
Project("{9A19103F-16F7-4668-BE54-9A1E7A4F7556}") = "Catalog.API", "Services\Catalog\Catalog.API\Catalog.API.csproj", "{054765E1-0FC8-4AB1-8D54-57147B44A0E5}"
EndProject
Project("{E53339B2-1760-4266-BCC7-CA923CBCF16C}") = "docker-compose", "docker-compose.dcproj", "{BD3280D7-125F-443F-BDDF-9AE0361657E6}"
EndProject
Project("{2150E333-8FDC-42A3-9474-1A3956D46DE8}") = "Basket", "Basket", "{9AB0ED88-A7EB-476E-803A-728AD0EBED14}"
EndProject
Project("{9A19103F-16F7-4668-BE54-9A1E7A4F7556}") = "Basket.API", "Services\Basket\Basket.API\Basket.API.csproj", "{AAF7D163-6B1D-41A1-8AD3-6BD1BDFE7030}"
EndProject
Project("{2150E333-8FDC-42A3-9474-1A3956D46DE8}") = "Discount", "Discount", "{FF5FA175-6FA5-4C74-BB4F-206AB5ABA07F}"
EndProject
Project("{9A19103F-16F7-4668-BE54-9A1E7A4F7556}") = "Discount.API", "Services\Discount\Discount.API\Discount.API.csproj", "{52DA7069-C43B-4D2E-938A-308E3C7A7A2C}"
EndProject
Project("{9A19103F-16F7-4668-BE54-9A1E7A4F7556}") = "Discount.Grpc", "Services\Discount\Discount.Grpc\Discount.Grpc.csproj", "{6F2B0DDB-AB0A-403A-879F-A84A20934306}"
EndProject
Project("{2150E333-8FDC-42A3-9474-1A3956D46DE8}") = "Ordering", "Ordering", "{E1554ABB-7D09-447D-BDB3-18BF1A808891}"
EndProject
Project("{9A19103F-16F7-4668-BE54-9A1E7A4F7556}") = "Ordering.API", "Services\Ordering\Ordering.API\Ordering.API.csproj", "{9F2EC4D7-57CA-471E-A6DA-CA1B151E110A}"
EndProject
Project("{9A19103F-16F7-4668-BE54-9A1E7A4F7556}") = "Ordering.Domain", "Services\Ordering\Ordering.Domain\Ordering.Domain.csproj", "{CDDC811E-FED3-4115-B7AE-CD5CE0113C14}"
EndProject
Project("{9A19103F-16F7-4668-BE54-9A1E7A4F7556}") = "Ordering.Application", "Services\Ordering\Ordering.Application\Ordering.Application.csproj", "{13A6739B-6A48-4987-9644-3C9314CAA0C9}"
EndProject
Project("{9A19103F-16F7-4668-BE54-9A1E7A4F7556}") = "Ordering.Infrastructure", "Services\Ordering\Ordering.Infrastructure\Ordering.Infrastructure.csproj", "{685FA891-93BD-43AC-B592-3373043D3745}"
EndProject
Project("{2150E333-8FDC-42A3-9474-1A3956D46DE8}") = "BuildingBlocks", "BuildingBlocks", "{AD9569E0-675A-4761-B2C3-294694C50892}"
EndProject
Project("{9A19103F-16F7-4668-BE54-9A1E7A4F7556}") = "EventBus.Messages", "BuildingBlocks\EventBus.Messages\EventBus.Messages.csproj", "{08D51CEB-538C-4F33-856E-9602F6171985}"
EndProject
Project("{2150E333-8FDC-42A3-9474-1A3956D46DE8}") = "ApiGateways", "ApiGateways", "{E5D9077C-23B8-433F-A1FA-F75870B90ECF}"
EndProject
Project("{FAE04EC0-301F-11D3-BF4B-00C04F79EFBC}") = "OcelotApiGw", "ApiGateways\OcelotApiGw\OcelotApiGw.csproj", "{A4E43490-B3B1-44CD-A818-13618407F7E2}"
EndProject
Global
	GlobalSection(SolutionConfigurationPlatforms) = preSolution
		Debug|Any CPU = Debug|Any CPU
		Release|Any CPU = Release|Any CPU
	EndGlobalSection
	GlobalSection(ProjectConfigurationPlatforms) = postSolution
		{054765E1-0FC8-4AB1-8D54-57147B44A0E5}.Debug|Any CPU.ActiveCfg = Debug|Any CPU
		{054765E1-0FC8-4AB1-8D54-57147B44A0E5}.Debug|Any CPU.Build.0 = Debug|Any CPU
		{054765E1-0FC8-4AB1-8D54-57147B44A0E5}.Release|Any CPU.ActiveCfg = Release|Any CPU
		{054765E1-0FC8-4AB1-8D54-57147B44A0E5}.Release|Any CPU.Build.0 = Release|Any CPU
		{BD3280D7-125F-443F-BDDF-9AE0361657E6}.Debug|Any CPU.ActiveCfg = Debug|Any CPU
		{BD3280D7-125F-443F-BDDF-9AE0361657E6}.Debug|Any CPU.Build.0 = Debug|Any CPU
		{BD3280D7-125F-443F-BDDF-9AE0361657E6}.Release|Any CPU.ActiveCfg = Release|Any CPU
		{BD3280D7-125F-443F-BDDF-9AE0361657E6}.Release|Any CPU.Build.0 = Release|Any CPU
		{AAF7D163-6B1D-41A1-8AD3-6BD1BDFE7030}.Debug|Any CPU.ActiveCfg = Debug|Any CPU
		{AAF7D163-6B1D-41A1-8AD3-6BD1BDFE7030}.Debug|Any CPU.Build.0 = Debug|Any CPU
		{AAF7D163-6B1D-41A1-8AD3-6BD1BDFE7030}.Release|Any CPU.ActiveCfg = Release|Any CPU
		{AAF7D163-6B1D-41A1-8AD3-6BD1BDFE7030}.Release|Any CPU.Build.0 = Release|Any CPU
		{52DA7069-C43B-4D2E-938A-308E3C7A7A2C}.Debug|Any CPU.ActiveCfg = Debug|Any CPU
		{52DA7069-C43B-4D2E-938A-308E3C7A7A2C}.Debug|Any CPU.Build.0 = Debug|Any CPU
		{52DA7069-C43B-4D2E-938A-308E3C7A7A2C}.Release|Any CPU.ActiveCfg = Release|Any CPU
		{52DA7069-C43B-4D2E-938A-308E3C7A7A2C}.Release|Any CPU.Build.0 = Release|Any CPU
		{6F2B0DDB-AB0A-403A-879F-A84A20934306}.Debug|Any CPU.ActiveCfg = Debug|Any CPU
		{6F2B0DDB-AB0A-403A-879F-A84A20934306}.Debug|Any CPU.Build.0 = Debug|Any CPU
		{6F2B0DDB-AB0A-403A-879F-A84A20934306}.Release|Any CPU.ActiveCfg = Release|Any CPU
		{6F2B0DDB-AB0A-403A-879F-A84A20934306}.Release|Any CPU.Build.0 = Release|Any CPU
		{9F2EC4D7-57CA-471E-A6DA-CA1B151E110A}.Debug|Any CPU.ActiveCfg = Debug|Any CPU
		{9F2EC4D7-57CA-471E-A6DA-CA1B151E110A}.Debug|Any CPU.Build.0 = Debug|Any CPU
		{9F2EC4D7-57CA-471E-A6DA-CA1B151E110A}.Release|Any CPU.ActiveCfg = Release|Any CPU
		{9F2EC4D7-57CA-471E-A6DA-CA1B151E110A}.Release|Any CPU.Build.0 = Release|Any CPU
		{CDDC811E-FED3-4115-B7AE-CD5CE0113C14}.Debug|Any CPU.ActiveCfg = Debug|Any CPU
		{CDDC811E-FED3-4115-B7AE-CD5CE0113C14}.Debug|Any CPU.Build.0 = Debug|Any CPU
		{CDDC811E-FED3-4115-B7AE-CD5CE0113C14}.Release|Any CPU.ActiveCfg = Release|Any CPU
		{CDDC811E-FED3-4115-B7AE-CD5CE0113C14}.Release|Any CPU.Build.0 = Release|Any CPU
		{13A6739B-6A48-4987-9644-3C9314CAA0C9}.Debug|Any CPU.ActiveCfg = Debug|Any CPU
		{13A6739B-6A48-4987-9644-3C9314CAA0C9}.Debug|Any CPU.Build.0 = Debug|Any CPU
		{13A6739B-6A48-4987-9644-3C9314CAA0C9}.Release|Any CPU.ActiveCfg = Release|Any CPU
		{13A6739B-6A48-4987-9644-3C9314CAA0C9}.Release|Any CPU.Build.0 = Release|Any CPU
		{685FA891-93BD-43AC-B592-3373043D3745}.Debug|Any CPU.ActiveCfg = Debug|Any CPU
		{685FA891-93BD-43AC-B592-3373043D3745}.Debug|Any CPU.Build.0 = Debug|Any CPU
		{685FA891-93BD-43AC-B592-3373043D3745}.Release|Any CPU.ActiveCfg = Release|Any CPU
		{685FA891-93BD-43AC-B592-3373043D3745}.Release|Any CPU.Build.0 = Release|Any CPU
		{08D51CEB-538C-4F33-856E-9602F6171985}.Debug|Any CPU.ActiveCfg = Debug|Any CPU
		{08D51CEB-538C-4F33-856E-9602F6171985}.Debug|Any CPU.Build.0 = Debug|Any CPU
		{08D51CEB-538C-4F33-856E-9602F6171985}.Release|Any CPU.ActiveCfg = Release|Any CPU
		{08D51CEB-538C-4F33-856E-9602F6171985}.Release|Any CPU.Build.0 = Release|Any CPU
		{A4E43490-B3B1-44CD-A818-13618407F7E2}.Debug|Any CPU.ActiveCfg = Debug|Any CPU
		{A4E43490-B3B1-44CD-A818-13618407F7E2}.Debug|Any CPU.Build.0 = Debug|Any CPU
		{A4E43490-B3B1-44CD-A818-13618407F7E2}.Release|Any CPU.ActiveCfg = Release|Any CPU
		{A4E43490-B3B1-44CD-A818-13618407F7E2}.Release|Any CPU.Build.0 = Release|Any CPU
	EndGlobalSection
	GlobalSection(SolutionProperties) = preSolution
		HideSolutionNode = FALSE
	EndGlobalSection
	GlobalSection(NestedProjects) = preSolution
		{E63BAE16-C2EA-4196-9DD5-C052B52E3125} = {CCAAEBFD-EBF5-4B6F-B2A7-81140EBFD220}
		{054765E1-0FC8-4AB1-8D54-57147B44A0E5} = {E63BAE16-C2EA-4196-9DD5-C052B52E3125}
		{9AB0ED88-A7EB-476E-803A-728AD0EBED14} = {CCAAEBFD-EBF5-4B6F-B2A7-81140EBFD220}
		{AAF7D163-6B1D-41A1-8AD3-6BD1BDFE7030} = {9AB0ED88-A7EB-476E-803A-728AD0EBED14}
		{FF5FA175-6FA5-4C74-BB4F-206AB5ABA07F} = {CCAAEBFD-EBF5-4B6F-B2A7-81140EBFD220}
		{52DA7069-C43B-4D2E-938A-308E3C7A7A2C} = {FF5FA175-6FA5-4C74-BB4F-206AB5ABA07F}
		{6F2B0DDB-AB0A-403A-879F-A84A20934306} = {FF5FA175-6FA5-4C74-BB4F-206AB5ABA07F}
		{E1554ABB-7D09-447D-BDB3-18BF1A808891} = {CCAAEBFD-EBF5-4B6F-B2A7-81140EBFD220}
		{9F2EC4D7-57CA-471E-A6DA-CA1B151E110A} = {E1554ABB-7D09-447D-BDB3-18BF1A808891}
		{CDDC811E-FED3-4115-B7AE-CD5CE0113C14} = {E1554ABB-7D09-447D-BDB3-18BF1A808891}
		{13A6739B-6A48-4987-9644-3C9314CAA0C9} = {E1554ABB-7D09-447D-BDB3-18BF1A808891}
		{685FA891-93BD-43AC-B592-3373043D3745} = {E1554ABB-7D09-447D-BDB3-18BF1A808891}
		{08D51CEB-538C-4F33-856E-9602F6171985} = {AD9569E0-675A-4761-B2C3-294694C50892}
		{A4E43490-B3B1-44CD-A818-13618407F7E2} = {E5D9077C-23B8-433F-A1FA-F75870B90ECF}
	EndGlobalSection
	GlobalSection(ExtensibilityGlobals) = postSolution
		SolutionGuid = {098BE5DA-1F5B-44CC-B901-7C40F46947D4}
	EndGlobalSection
EndGlobal
